
Microsoft Visual Studio Solution File, Format Version 12.00
# Visual Studio Version 17
VisualStudioVersion = 17.5.33502.453
MinimumVisualStudioVersion = 10.0.40219.1
Project("{FAE04EC0-301F-11D3-BF4B-00C04F79EFBC}") = "H1_ChatClient", "H1_ChatClient\H1_ChatClient.csproj", "{9C6C935A-77C7-4762-A116-4506A3FDB7FC}"
EndProject
Global
	GlobalSection(SolutionConfigurationPlatforms) = preSolution
		Debug|Any CPU = Debug|Any CPU
		Release|Any CPU = Release|Any CPU
	EndGlobalSection
	GlobalSection(ProjectConfigurationPlatforms) = postSolution
		{9C6C935A-77C7-4762-A116-4506A3FDB7FC}.Debug|Any CPU.ActiveCfg = Debug|Any CPU
		{9C6C935A-77C7-4762-A116-4506A3FDB7FC}.Debug|Any CPU.Build.0 = Debug|Any CPU
		{9C6C935A-77C7-4762-A116-4506A3FDB7FC}.Release|Any CPU.ActiveCfg = Release|Any CPU
		{9C6C935A-77C7-4762-A116-4506A3FDB7FC}.Release|Any CPU.Build.0 = Release|Any CPU
	EndGlobalSection
	GlobalSection(SolutionProperties) = preSolution
		HideSolutionNode = FALSE
	EndGlobalSection
	GlobalSection(ExtensibilityGlobals) = postSolution
		SolutionGuid = {A8AB4F7E-A087-4B59-B754-98A6B2D09993}
	EndGlobalSection
EndGlobal
